# THIS IS AN AUTOGENERATED FILE. DO NOT EDIT THIS FILE DIRECTLY.
# yarn lockfile v1


"@types/node@^11.11.5":
  version "11.11.5"
  resolved "https://registry.yarnpkg.com/@types/node/-/node-11.11.5.tgz#0c57e12eb44d44e5b6735593925286553ee7cebf"
  integrity sha512-pz6wNe/XwyesgfVX7P6B0hY3TnTAYXk6KSTLdpQfbuq3be+hnMoCuFzE+yLTskPdBwmNiGRL2TAsnF09aRugvQ==

"@types/pidusage@^2.0.1":
  version "2.0.1"
  resolved "https://registry.yarnpkg.com/@types/pidusage/-/pidusage-2.0.1.tgz#45eb309be947dcfa177957ef662ce2a0a2311d48"
  integrity sha512-tYYcz/+5v/EGYT83C0pIXrJGOiVBLksQvxgJboG4nGqx/gZTvq0Ro4SkAjECqMk7L4Ww58VWB4j48qeYh4/YJg==

pidusage@^2.0.17:
  version "2.0.17"
  resolved "https://registry.yarnpkg.com/pidusage/-/pidusage-2.0.17.tgz#6b4a2b4a09026f0e9828f7e5627837e4c0672581"
  integrity sha512-N8X5v18rBmlBoArfS83vrnD0gIFyZkXEo7a5pAS2aT0i2OLVymFb2AzVg+v8l/QcXnE1JwZcaXR8daJcoJqtjw==
  dependencies:
    safe-buffer "^5.1.2"

safe-buffer@^5.1.2:
  version "5.1.2"
  resolved "https://registry.yarnpkg.com/safe-buffer/-/safe-buffer-5.1.2.tgz#991ec69d296e0313747d59bdfd2b745c35f8828d"
  integrity sha512-Gd2UZBJDkXlY7GbJxfsE8/nvKkUEU1G38c1siN6QP6a9PT9MmHB8GnpscSmMJSoF8LOIrt8ud/wPtojys4G6+g==

typescript@^3.3.4000:
  version "3.3.4000"
  resolved "https://registry.yarnpkg.com/typescript/-/typescript-3.3.4000.tgz#76b0f89cfdbf97827e1112d64f283f1151d6adf0"
  integrity sha512-jjOcCZvpkl2+z7JFn0yBOoLQyLoIkNZAs/fYJkUG6VKy6zLPHJGfQJYFHzibB6GJaF/8QrcECtlQ5cpvRHSMEA==
